
Microsoft Visual Studio Solution File, Format Version 12.00
# Visual Studio Version 17
VisualStudioVersion = 17.0.31919.166
MinimumVisualStudioVersion = 10.0.40219.1
Project("{888888A0-9F3D-457C-B088-3A5042F75D52}") = "PortScanner", "PortScanner\PortScanner.pyproj", "{A05AE77A-3936-46B0-8336-CD869668943A}"
EndProject
Global
	GlobalSection(SolutionConfigurationPlatforms) = preSolution
		Debug|Any CPU = Debug|Any CPU
		Release|Any CPU = Release|Any CPU
	EndGlobalSection
	GlobalSection(ProjectConfigurationPlatforms) = postSolution
		{A05AE77A-3936-46B0-8336-CD869668943A}.Debug|Any CPU.ActiveCfg = Debug|Any CPU
		{A05AE77A-3936-46B0-8336-CD869668943A}.Release|Any CPU.ActiveCfg = Release|Any CPU
	EndGlobalSection
	GlobalSection(SolutionProperties) = preSolution
		HideSolutionNode = FALSE
	EndGlobalSection
	GlobalSection(ExtensibilityGlobals) = postSolution
		SolutionGuid = {7052B8B1-A1E9-4C0C-B958-2F7AD713849B}
	EndGlobalSection
EndGlobal
